# This file is automatically @generated by Cargo.
# It is not intended for manual editing.
[[package]]
name = "fastcgi"
version = "1.0.0"
source = "registry+https://github.com/rust-lang/crates.io-index"
dependencies = [
 "libc 0.2.58 (registry+https://github.com/rust-lang/crates.io-index)",
]

[[package]]
name = "libc"
version = "0.2.58"
source = "git+https://github.com/rust-lang/libc.git#00fe094a9d88d4d643ad602b29104986d35c4e48"

[[package]]
name = "libc"
version = "0.2.58"
source = "registry+https://github.com/rust-lang/crates.io-index"

[[package]]
name = "zoolander-ci"
version = "0.1.0"
dependencies = [
 "fastcgi 1.0.0 (registry+https://github.com/rust-lang/crates.io-index)",
 "libc 0.2.58 (git+https://github.com/rust-lang/libc.git)",
]

[metadata]
"checksum fastcgi 1.0.0 (registry+https://github.com/rust-lang/crates.io-index)" = "c4159a0f48bea0281602e508eb070d7d7ba1f6ac2480f9db1a60a39274aea1cc"
"checksum libc 0.2.58 (git+https://github.com/rust-lang/libc.git)" = "<none>"
"checksum libc 0.2.58 (registry+https://github.com/rust-lang/crates.io-index)" = "6281b86796ba5e4366000be6e9e18bf35580adf9e63fbe2294aadb587613a319"
