# This file is automatically @generated by Cargo.
# It is not intended for manual editing.
[[package]]
name = "libc"
version = "0.2.58"
source = "git+https://github.com/rust-lang/libc.git#00fe094a9d88d4d643ad602b29104986d35c4e48"

[[package]]
name = "zoolander-ci"
version = "0.1.0"
dependencies = [
 "libc 0.2.58 (git+https://github.com/rust-lang/libc.git)",
]

[metadata]
"checksum libc 0.2.58 (git+https://github.com/rust-lang/libc.git)" = "<none>"
